
Microsoft Visual Studio Solution File, Format Version 12.00
# Visual Studio Version 17
VisualStudioVersion = 17.5.33424.131
MinimumVisualStudioVersion = 10.0.40219.1
Project("{9A19103F-16F7-4668-BE54-9A1E7A4F7556}") = "Onion.Template.Api", "Onion.Template.Api\Onion.Template.Api.csproj", "{765163EF-7690-4416-A745-424677F02F1B}"
EndProject
Project("{FAE04EC0-301F-11D3-BF4B-00C04F79EFBC}") = "Onion.Template.Application", "Onion.Template.Application\Onion.Template.Application.csproj", "{B33D9E15-86B1-453B-8C2C-B5FF1DBB1E26}"
EndProject
Project("{FAE04EC0-301F-11D3-BF4B-00C04F79EFBC}") = "Onion.Template.Persistence", "Onion.Template.Persistence\Onion.Template.Persistence.csproj", "{D016C776-D521-4C48-A1D5-0315CEE7EFB4}"
EndProject
Project("{9A19103F-16F7-4668-BE54-9A1E7A4F7556}") = "Onion.Template.Infrastructure", "Onion.Template.Infrastructure\Onion.Template.Infrastructure.csproj", "{71A47BB0-1EBB-4604-826A-D051F9506467}"
EndProject
Project("{FAE04EC0-301F-11D3-BF4B-00C04F79EFBC}") = "Onion.Template.Domain", "Onion.Template.Domain\Onion.Template.Domain.csproj", "{31ECC345-5F25-45E4-A6DC-62F095621F4B}"
EndProject
Project("{9A19103F-16F7-4668-BE54-9A1E7A4F7556}") = "Onion.Template.Tests", "Onion.Template.Tests\Onion.Template.Tests.csproj", "{95C3ACFF-B6F9-4741-AB4E-06B76C51F145}"
EndProject
Global
	GlobalSection(SolutionConfigurationPlatforms) = preSolution
		Debug|Any CPU = Debug|Any CPU
		Release|Any CPU = Release|Any CPU
	EndGlobalSection
	GlobalSection(ProjectConfigurationPlatforms) = postSolution
		{765163EF-7690-4416-A745-424677F02F1B}.Debug|Any CPU.ActiveCfg = Debug|Any CPU
		{765163EF-7690-4416-A745-424677F02F1B}.Debug|Any CPU.Build.0 = Debug|Any CPU
		{765163EF-7690-4416-A745-424677F02F1B}.Release|Any CPU.ActiveCfg = Release|Any CPU
		{765163EF-7690-4416-A745-424677F02F1B}.Release|Any CPU.Build.0 = Release|Any CPU
		{B33D9E15-86B1-453B-8C2C-B5FF1DBB1E26}.Debug|Any CPU.ActiveCfg = Debug|Any CPU
		{B33D9E15-86B1-453B-8C2C-B5FF1DBB1E26}.Debug|Any CPU.Build.0 = Debug|Any CPU
		{B33D9E15-86B1-453B-8C2C-B5FF1DBB1E26}.Release|Any CPU.ActiveCfg = Release|Any CPU
		{B33D9E15-86B1-453B-8C2C-B5FF1DBB1E26}.Release|Any CPU.Build.0 = Release|Any CPU
		{D016C776-D521-4C48-A1D5-0315CEE7EFB4}.Debug|Any CPU.ActiveCfg = Debug|Any CPU
		{D016C776-D521-4C48-A1D5-0315CEE7EFB4}.Debug|Any CPU.Build.0 = Debug|Any CPU
		{D016C776-D521-4C48-A1D5-0315CEE7EFB4}.Release|Any CPU.ActiveCfg = Release|Any CPU
		{D016C776-D521-4C48-A1D5-0315CEE7EFB4}.Release|Any CPU.Build.0 = Release|Any CPU
		{71A47BB0-1EBB-4604-826A-D051F9506467}.Debug|Any CPU.ActiveCfg = Debug|Any CPU
		{71A47BB0-1EBB-4604-826A-D051F9506467}.Debug|Any CPU.Build.0 = Debug|Any CPU
		{71A47BB0-1EBB-4604-826A-D051F9506467}.Release|Any CPU.ActiveCfg = Release|Any CPU
		{71A47BB0-1EBB-4604-826A-D051F9506467}.Release|Any CPU.Build.0 = Release|Any CPU
		{31ECC345-5F25-45E4-A6DC-62F095621F4B}.Debug|Any CPU.ActiveCfg = Debug|Any CPU
		{31ECC345-5F25-45E4-A6DC-62F095621F4B}.Debug|Any CPU.Build.0 = Debug|Any CPU
		{31ECC345-5F25-45E4-A6DC-62F095621F4B}.Release|Any CPU.ActiveCfg = Release|Any CPU
		{31ECC345-5F25-45E4-A6DC-62F095621F4B}.Release|Any CPU.Build.0 = Release|Any CPU
		{95C3ACFF-B6F9-4741-AB4E-06B76C51F145}.Debug|Any CPU.ActiveCfg = Debug|Any CPU
		{95C3ACFF-B6F9-4741-AB4E-06B76C51F145}.Debug|Any CPU.Build.0 = Debug|Any CPU
		{95C3ACFF-B6F9-4741-AB4E-06B76C51F145}.Release|Any CPU.ActiveCfg = Release|Any CPU
		{95C3ACFF-B6F9-4741-AB4E-06B76C51F145}.Release|Any CPU.Build.0 = Release|Any CPU
	EndGlobalSection
	GlobalSection(SolutionProperties) = preSolution
		HideSolutionNode = FALSE
	EndGlobalSection
	GlobalSection(ExtensibilityGlobals) = postSolution
		SolutionGuid = {E8672A38-87A1-49D5-B189-30F7DE78C00E}
	EndGlobalSection
EndGlobal
